
Microsoft Visual Studio Solution File, Format Version 12.00
# Visual Studio 15
VisualStudioVersion = 15.0.28307.572
MinimumVisualStudioVersion = 10.0.40219.1
Project("{8BC9CEB8-8B4A-11D0-8D11-00A0C91BC942}") = "1016", "1016\1016.vcxproj", "{AD221214-0CB0-4934-8E25-3DC4B3E0231E}"
EndProject
Project("{8BC9CEB8-8B4A-11D0-8D11-00A0C91BC942}") = "1017", "1017\1017.vcxproj", "{0251B643-C59D-436A-884B-8F7174D0A517}"
EndProject
Project("{8BC9CEB8-8B4A-11D0-8D11-00A0C91BC942}") = "1018", "1018\1018.vcxproj", "{9EEABE30-5695-4275-8389-3BBF9C28D048}"
EndProject
Project("{8BC9CEB8-8B4A-11D0-8D11-00A0C91BC942}") = "1019", "1019\1019.vcxproj", "{6DFAF06B-825D-4F5D-A0D9-FFFF4386528A}"
EndProject
Project("{8BC9CEB8-8B4A-11D0-8D11-00A0C91BC942}") = "1020", "1020\1020.vcxproj", "{9689E800-42A8-43BD-852F-FDC623ABA522}"
EndProject
Project("{8BC9CEB8-8B4A-11D0-8D11-00A0C91BC942}") = "1021", "1021\1021.vcxproj", "{91FE06C4-1E00-4FC8-97FA-0BCD3674A64F}"
EndProject
Project("{8BC9CEB8-8B4A-11D0-8D11-00A0C91BC942}") = "1022", "1022\1022.vcxproj", "{3602102B-942E-4926-9A98-4D9C606B60E4}"
EndProject
Project("{8BC9CEB8-8B4A-11D0-8D11-00A0C91BC942}") = "1023", "1023\1023.vcxproj", "{796A6045-5713-41C3-A593-8F09A35CCA36}"
EndProject
Project("{8BC9CEB8-8B4A-11D0-8D11-00A0C91BC942}") = "1024", "1024\1024.vcxproj", "{B9B8FF9C-C7A3-4B5A-8EB9-F4CEDB59F57B}"
EndProject
Project("{8BC9CEB8-8B4A-11D0-8D11-00A0C91BC942}") = "1025", "1025\1025.vcxproj", "{A7B26217-6F8E-4CBF-8A61-3CF0BB5F2208}"
EndProject
Project("{8BC9CEB8-8B4A-11D0-8D11-00A0C91BC942}") = "1026", "1026\1026.vcxproj", "{2C2A7D2D-2653-4126-A188-844856B19C8D}"
EndProject
Project("{8BC9CEB8-8B4A-11D0-8D11-00A0C91BC942}") = "1027", "1027\1027.vcxproj", "{61FF13CD-4B67-44A4-9090-0F0B19451060}"
EndProject
Project("{8BC9CEB8-8B4A-11D0-8D11-00A0C91BC942}") = "1028", "1028\1028.vcxproj", "{0C376719-2A68-440B-87DA-EE55784D8E8E}"
EndProject
Project("{8BC9CEB8-8B4A-11D0-8D11-00A0C91BC942}") = "1029", "1029\1029.vcxproj", "{5356E4D8-57EA-4F31-926F-A4452A3E18C7}"
EndProject
Project("{8BC9CEB8-8B4A-11D0-8D11-00A0C91BC942}") = "1030", "1030\1030.vcxproj", "{1F9D792F-2D1C-4288-8EE5-6B6DF2DC2E9A}"
EndProject
Project("{8BC9CEB8-8B4A-11D0-8D11-00A0C91BC942}") = "1031", "1031\1031.vcxproj", "{9387B747-D7E5-4266-82A2-38B750DFF968}"
EndProject
Project("{8BC9CEB8-8B4A-11D0-8D11-00A0C91BC942}") = "1032", "1032\1032.vcxproj", "{AB32815F-C028-4856-8343-386D7B0177CB}"
EndProject
Project("{8BC9CEB8-8B4A-11D0-8D11-00A0C91BC942}") = "1033", "1033\1033.vcxproj", "{65D73CE2-6CC7-454E-88A6-E6F571EFABCB}"
EndProject
Project("{8BC9CEB8-8B4A-11D0-8D11-00A0C91BC942}") = "1034", "1034\1034.vcxproj", "{860993AB-F737-40FC-B982-D15F50CAE714}"
EndProject
Project("{2150E333-8FDC-42A3-9474-1A3956D46DE8}") = "1016-1030", "1016-1030", "{4E22E1FE-B200-4BA4-8D49-703502D01E46}"
EndProject
Project("{8BC9CEB8-8B4A-11D0-8D11-00A0C91BC942}") = "1035", "1035\1035.vcxproj", "{748DA5EA-CBB8-499D-A6FA-9FCFA59CAA54}"
EndProject
Project("{8BC9CEB8-8B4A-11D0-8D11-00A0C91BC942}") = "1036", "1036\1036.vcxproj", "{662AF597-7F65-46A3-B056-1CD80C8AA969}"
EndProject
Project("{8BC9CEB8-8B4A-11D0-8D11-00A0C91BC942}") = "1037", "1037\1037.vcxproj", "{5C54B470-D753-4224-B6F6-26B3915208F5}"
EndProject
Project("{8BC9CEB8-8B4A-11D0-8D11-00A0C91BC942}") = "1038", "1038\1038.vcxproj", "{E9FA2304-0600-4695-A4BD-341193CBA3BD}"
EndProject
Project("{8BC9CEB8-8B4A-11D0-8D11-00A0C91BC942}") = "1039", "1039\1039.vcxproj", "{AF45D7F4-E788-4482-98E6-351B9E340B40}"
EndProject
Project("{8BC9CEB8-8B4A-11D0-8D11-00A0C91BC942}") = "1040", "1040\1040.vcxproj", "{118FDE95-E1EB-419C-9840-454CCFBD12C0}"
EndProject
Project("{8BC9CEB8-8B4A-11D0-8D11-00A0C91BC942}") = "1041", "1041\1041.vcxproj", "{7B20A82E-9B74-4FF1-A589-3E4DEDB90F67}"
EndProject
Project("{2150E333-8FDC-42A3-9474-1A3956D46DE8}") = "1031-1040", "1031-1040", "{32216EA6-3FAA-49FF-B352-7E78E5C847B1}"
EndProject
Project("{8BC9CEB8-8B4A-11D0-8D11-00A0C91BC942}") = "1042", "1042\1042.vcxproj", "{F71B3241-10BA-4828-9956-A364024809AE}"
EndProject
Project("{8BC9CEB8-8B4A-11D0-8D11-00A0C91BC942}") = "1043", "1043\1043.vcxproj", "{3900752B-C466-4AF1-B959-1CD574B32687}"
EndProject
Project("{8BC9CEB8-8B4A-11D0-8D11-00A0C91BC942}") = "1044", "1044\1044.vcxproj", "{89328F15-714A-4133-908A-2FA590CAA9ED}"
EndProject
Project("{8BC9CEB8-8B4A-11D0-8D11-00A0C91BC942}") = "1045", "1045\1045.vcxproj", "{2AAAEA7E-8E24-404E-A21C-108E5FCABB97}"
EndProject
Project("{8BC9CEB8-8B4A-11D0-8D11-00A0C91BC942}") = "1049", "1049\1049.vcxproj", "{3CA76D4E-B5B6-4B87-B238-DE58E472C58C}"
EndProject
Project("{8BC9CEB8-8B4A-11D0-8D11-00A0C91BC942}") = "1050", "1050\1050.vcxproj", "{17ABE13E-C3F2-4A80-9449-87E8E2DECDA3}"
EndProject
Global
	GlobalSection(SolutionConfigurationPlatforms) = preSolution
		Debug|x64 = Debug|x64
		Debug|x86 = Debug|x86
		Release|x64 = Release|x64
		Release|x86 = Release|x86
	EndGlobalSection
	GlobalSection(ProjectConfigurationPlatforms) = postSolution
		{AD221214-0CB0-4934-8E25-3DC4B3E0231E}.Debug|x64.ActiveCfg = Debug|x64
		{AD221214-0CB0-4934-8E25-3DC4B3E0231E}.Debug|x64.Build.0 = Debug|x64
		{AD221214-0CB0-4934-8E25-3DC4B3E0231E}.Debug|x86.ActiveCfg = Debug|Win32
		{AD221214-0CB0-4934-8E25-3DC4B3E0231E}.Debug|x86.Build.0 = Debug|Win32
		{AD221214-0CB0-4934-8E25-3DC4B3E0231E}.Release|x64.ActiveCfg = Release|x64
		{AD221214-0CB0-4934-8E25-3DC4B3E0231E}.Release|x64.Build.0 = Release|x64
		{AD221214-0CB0-4934-8E25-3DC4B3E0231E}.Release|x86.ActiveCfg = Release|Win32
		{AD221214-0CB0-4934-8E25-3DC4B3E0231E}.Release|x86.Build.0 = Release|Win32
		{0251B643-C59D-436A-884B-8F7174D0A517}.Debug|x64.ActiveCfg = Debug|x64
		{0251B643-C59D-436A-884B-8F7174D0A517}.Debug|x64.Build.0 = Debug|x64
		{0251B643-C59D-436A-884B-8F7174D0A517}.Debug|x86.ActiveCfg = Debug|Win32
		{0251B643-C59D-436A-884B-8F7174D0A517}.Debug|x86.Build.0 = Debug|Win32
		{0251B643-C59D-436A-884B-8F7174D0A517}.Release|x64.ActiveCfg = Release|x64
		{0251B643-C59D-436A-884B-8F7174D0A517}.Release|x64.Build.0 = Release|x64
		{0251B643-C59D-436A-884B-8F7174D0A517}.Release|x86.ActiveCfg = Release|Win32
		{0251B643-C59D-436A-884B-8F7174D0A517}.Release|x86.Build.0 = Release|Win32
		{9EEABE30-5695-4275-8389-3BBF9C28D048}.Debug|x64.ActiveCfg = Debug|x64
		{9EEABE30-5695-4275-8389-3BBF9C28D048}.Debug|x64.Build.0 = Debug|x64
		{9EEABE30-5695-4275-8389-3BBF9C28D048}.Debug|x86.ActiveCfg = Debug|Win32
		{9EEABE30-5695-4275-8389-3BBF9C28D048}.Debug|x86.Build.0 = Debug|Win32
		{9EEABE30-5695-4275-8389-3BBF9C28D048}.Release|x64.ActiveCfg = Release|x64
		{9EEABE30-5695-4275-8389-3BBF9C28D048}.Release|x64.Build.0 = Release|x64
		{9EEABE30-5695-4275-8389-3BBF9C28D048}.Release|x86.ActiveCfg = Release|Win32
		{9EEABE30-5695-4275-8389-3BBF9C28D048}.Release|x86.Build.0 = Release|Win32
		{6DFAF06B-825D-4F5D-A0D9-FFFF4386528A}.Debug|x64.ActiveCfg = Debug|x64
		{6DFAF06B-825D-4F5D-A0D9-FFFF4386528A}.Debug|x64.Build.0 = Debug|x64
		{6DFAF06B-825D-4F5D-A0D9-FFFF4386528A}.Debug|x86.ActiveCfg = Debug|Win32
		{6DFAF06B-825D-4F5D-A0D9-FFFF4386528A}.Debug|x86.Build.0 = Debug|Win32
		{6DFAF06B-825D-4F5D-A0D9-FFFF4386528A}.Release|x64.ActiveCfg = Release|x64
		{6DFAF06B-825D-4F5D-A0D9-FFFF4386528A}.Release|x64.Build.0 = Release|x64
		{6DFAF06B-825D-4F5D-A0D9-FFFF4386528A}.Release|x86.ActiveCfg = Release|Win32
		{6DFAF06B-825D-4F5D-A0D9-FFFF4386528A}.Release|x86.Build.0 = Release|Win32
		{9689E800-42A8-43BD-852F-FDC623ABA522}.Debug|x64.ActiveCfg = Debug|x64
		{9689E800-42A8-43BD-852F-FDC623ABA522}.Debug|x64.Build.0 = Debug|x64
		{9689E800-42A8-43BD-852F-FDC623ABA522}.Debug|x86.ActiveCfg = Debug|Win32
		{9689E800-42A8-43BD-852F-FDC623ABA522}.Debug|x86.Build.0 = Debug|Win32
		{9689E800-42A8-43BD-852F-FDC623ABA522}.Release|x64.ActiveCfg = Release|x64
		{9689E800-42A8-43BD-852F-FDC623ABA522}.Release|x64.Build.0 = Release|x64
		{9689E800-42A8-43BD-852F-FDC623ABA522}.Release|x86.ActiveCfg = Release|Win32
		{9689E800-42A8-43BD-852F-FDC623ABA522}.Release|x86.Build.0 = Release|Win32
		{91FE06C4-1E00-4FC8-97FA-0BCD3674A64F}.Debug|x64.ActiveCfg = Debug|x64
		{91FE06C4-1E00-4FC8-97FA-0BCD3674A64F}.Debug|x64.Build.0 = Debug|x64
		{91FE06C4-1E00-4FC8-97FA-0BCD3674A64F}.Debug|x86.ActiveCfg = Debug|Win32
		{91FE06C4-1E00-4FC8-97FA-0BCD3674A64F}.Debug|x86.Build.0 = Debug|Win32
		{91FE06C4-1E00-4FC8-97FA-0BCD3674A64F}.Release|x64.ActiveCfg = Release|x64
		{91FE06C4-1E00-4FC8-97FA-0BCD3674A64F}.Release|x64.Build.0 = Release|x64
		{91FE06C4-1E00-4FC8-97FA-0BCD3674A64F}.Release|x86.ActiveCfg = Release|Win32
		{91FE06C4-1E00-4FC8-97FA-0BCD3674A64F}.Release|x86.Build.0 = Release|Win32
		{3602102B-942E-4926-9A98-4D9C606B60E4}.Debug|x64.ActiveCfg = Debug|x64
		{3602102B-942E-4926-9A98-4D9C606B60E4}.Debug|x64.Build.0 = Debug|x64
		{3602102B-942E-4926-9A98-4D9C606B60E4}.Debug|x86.ActiveCfg = Debug|Win32
		{3602102B-942E-4926-9A98-4D9C606B60E4}.Debug|x86.Build.0 = Debug|Win32
		{3602102B-942E-4926-9A98-4D9C606B60E4}.Release|x64.ActiveCfg = Release|x64
		{3602102B-942E-4926-9A98-4D9C606B60E4}.Release|x64.Build.0 = Release|x64
		{3602102B-942E-4926-9A98-4D9C606B60E4}.Release|x86.ActiveCfg = Release|Win32
		{3602102B-942E-4926-9A98-4D9C606B60E4}.Release|x86.Build.0 = Release|Win32
		{796A6045-5713-41C3-A593-8F09A35CCA36}.Debug|x64.ActiveCfg = Debug|x64
		{796A6045-5713-41C3-A593-8F09A35CCA36}.Debug|x64.Build.0 = Debug|x64
		{796A6045-5713-41C3-A593-8F09A35CCA36}.Debug|x86.ActiveCfg = Debug|Win32
		{796A6045-5713-41C3-A593-8F09A35CCA36}.Debug|x86.Build.0 = Debug|Win32
		{796A6045-5713-41C3-A593-8F09A35CCA36}.Release|x64.ActiveCfg = Release|x64
		{796A6045-5713-41C3-A593-8F09A35CCA36}.Release|x64.Build.0 = Release|x64
		{796A6045-5713-41C3-A593-8F09A35CCA36}.Release|x86.ActiveCfg = Release|Win32
		{796A6045-5713-41C3-A593-8F09A35CCA36}.Release|x86.Build.0 = Release|Win32
		{B9B8FF9C-C7A3-4B5A-8EB9-F4CEDB59F57B}.Debug|x64.ActiveCfg = Debug|x64
		{B9B8FF9C-C7A3-4B5A-8EB9-F4CEDB59F57B}.Debug|x64.Build.0 = Debug|x64
		{B9B8FF9C-C7A3-4B5A-8EB9-F4CEDB59F57B}.Debug|x86.ActiveCfg = Debug|Win32
		{B9B8FF9C-C7A3-4B5A-8EB9-F4CEDB59F57B}.Debug|x86.Build.0 = Debug|Win32
		{B9B8FF9C-C7A3-4B5A-8EB9-F4CEDB59F57B}.Release|x64.ActiveCfg = Release|x64
		{B9B8FF9C-C7A3-4B5A-8EB9-F4CEDB59F57B}.Release|x64.Build.0 = Release|x64
		{B9B8FF9C-C7A3-4B5A-8EB9-F4CEDB59F57B}.Release|x86.ActiveCfg = Release|Win32
		{B9B8FF9C-C7A3-4B5A-8EB9-F4CEDB59F57B}.Release|x86.Build.0 = Release|Win32
		{A7B26217-6F8E-4CBF-8A61-3CF0BB5F2208}.Debug|x64.ActiveCfg = Debug|x64
		{A7B26217-6F8E-4CBF-8A61-3CF0BB5F2208}.Debug|x64.Build.0 = Debug|x64
		{A7B26217-6F8E-4CBF-8A61-3CF0BB5F2208}.Debug|x86.ActiveCfg = Debug|Win32
		{A7B26217-6F8E-4CBF-8A61-3CF0BB5F2208}.Debug|x86.Build.0 = Debug|Win32
		{A7B26217-6F8E-4CBF-8A61-3CF0BB5F2208}.Release|x64.ActiveCfg = Release|x64
		{A7B26217-6F8E-4CBF-8A61-3CF0BB5F2208}.Release|x64.Build.0 = Release|x64
		{A7B26217-6F8E-4CBF-8A61-3CF0BB5F2208}.Release|x86.ActiveCfg = Release|Win32
		{A7B26217-6F8E-4CBF-8A61-3CF0BB5F2208}.Release|x86.Build.0 = Release|Win32
		{2C2A7D2D-2653-4126-A188-844856B19C8D}.Debug|x64.ActiveCfg = Debug|x64
		{2C2A7D2D-2653-4126-A188-844856B19C8D}.Debug|x64.Build.0 = Debug|x64
		{2C2A7D2D-2653-4126-A188-844856B19C8D}.Debug|x86.ActiveCfg = Debug|Win32
		{2C2A7D2D-2653-4126-A188-844856B19C8D}.Debug|x86.Build.0 = Debug|Win32
		{2C2A7D2D-2653-4126-A188-844856B19C8D}.Release|x64.ActiveCfg = Release|x64
		{2C2A7D2D-2653-4126-A188-844856B19C8D}.Release|x64.Build.0 = Release|x64
		{2C2A7D2D-2653-4126-A188-844856B19C8D}.Release|x86.ActiveCfg = Release|Win32
		{2C2A7D2D-2653-4126-A188-844856B19C8D}.Release|x86.Build.0 = Release|Win32
		{61FF13CD-4B67-44A4-9090-0F0B19451060}.Debug|x64.ActiveCfg = Debug|x64
		{61FF13CD-4B67-44A4-9090-0F0B19451060}.Debug|x64.Build.0 = Debug|x64
		{61FF13CD-4B67-44A4-9090-0F0B19451060}.Debug|x86.ActiveCfg = Debug|Win32
		{61FF13CD-4B67-44A4-9090-0F0B19451060}.Debug|x86.Build.0 = Debug|Win32
		{61FF13CD-4B67-44A4-9090-0F0B19451060}.Release|x64.ActiveCfg = Release|x64
		{61FF13CD-4B67-44A4-9090-0F0B19451060}.Release|x64.Build.0 = Release|x64
		{61FF13CD-4B67-44A4-9090-0F0B19451060}.Release|x86.ActiveCfg = Release|Win32
		{61FF13CD-4B67-44A4-9090-0F0B19451060}.Release|x86.Build.0 = Release|Win32
		{0C376719-2A68-440B-87DA-EE55784D8E8E}.Debug|x64.ActiveCfg = Debug|x64
		{0C376719-2A68-440B-87DA-EE55784D8E8E}.Debug|x64.Build.0 = Debug|x64
		{0C376719-2A68-440B-87DA-EE55784D8E8E}.Debug|x86.ActiveCfg = Debug|Win32
		{0C376719-2A68-440B-87DA-EE55784D8E8E}.Debug|x86.Build.0 = Debug|Win32
		{0C376719-2A68-440B-87DA-EE55784D8E8E}.Release|x64.ActiveCfg = Release|x64
		{0C376719-2A68-440B-87DA-EE55784D8E8E}.Release|x64.Build.0 = Release|x64
		{0C376719-2A68-440B-87DA-EE55784D8E8E}.Release|x86.ActiveCfg = Release|Win32
		{0C376719-2A68-440B-87DA-EE55784D8E8E}.Release|x86.Build.0 = Release|Win32
		{5356E4D8-57EA-4F31-926F-A4452A3E18C7}.Debug|x64.ActiveCfg = Debug|x64
		{5356E4D8-57EA-4F31-926F-A4452A3E18C7}.Debug|x64.Build.0 = Debug|x64
		{5356E4D8-57EA-4F31-926F-A4452A3E18C7}.Debug|x86.ActiveCfg = Debug|Win32
		{5356E4D8-57EA-4F31-926F-A4452A3E18C7}.Debug|x86.Build.0 = Debug|Win32
		{5356E4D8-57EA-4F31-926F-A4452A3E18C7}.Release|x64.ActiveCfg = Release|x64
		{5356E4D8-57EA-4F31-926F-A4452A3E18C7}.Release|x64.Build.0 = Release|x64
		{5356E4D8-57EA-4F31-926F-A4452A3E18C7}.Release|x86.ActiveCfg = Release|Win32
		{5356E4D8-57EA-4F31-926F-A4452A3E18C7}.Release|x86.Build.0 = Release|Win32
		{1F9D792F-2D1C-4288-8EE5-6B6DF2DC2E9A}.Debug|x64.ActiveCfg = Debug|x64
		{1F9D792F-2D1C-4288-8EE5-6B6DF2DC2E9A}.Debug|x64.Build.0 = Debug|x64
		{1F9D792F-2D1C-4288-8EE5-6B6DF2DC2E9A}.Debug|x86.ActiveCfg = Debug|Win32
		{1F9D792F-2D1C-4288-8EE5-6B6DF2DC2E9A}.Debug|x86.Build.0 = Debug|Win32
		{1F9D792F-2D1C-4288-8EE5-6B6DF2DC2E9A}.Release|x64.ActiveCfg = Release|x64
		{1F9D792F-2D1C-4288-8EE5-6B6DF2DC2E9A}.Release|x64.Build.0 = Release|x64
		{1F9D792F-2D1C-4288-8EE5-6B6DF2DC2E9A}.Release|x86.ActiveCfg = Release|Win32
		{1F9D792F-2D1C-4288-8EE5-6B6DF2DC2E9A}.Release|x86.Build.0 = Release|Win32
		{9387B747-D7E5-4266-82A2-38B750DFF968}.Debug|x64.ActiveCfg = Debug|x64
		{9387B747-D7E5-4266-82A2-38B750DFF968}.Debug|x64.Build.0 = Debug|x64
		{9387B747-D7E5-4266-82A2-38B750DFF968}.Debug|x86.ActiveCfg = Debug|Win32
		{9387B747-D7E5-4266-82A2-38B750DFF968}.Debug|x86.Build.0 = Debug|Win32
		{9387B747-D7E5-4266-82A2-38B750DFF968}.Release|x64.ActiveCfg = Release|x64
		{9387B747-D7E5-4266-82A2-38B750DFF968}.Release|x64.Build.0 = Release|x64
		{9387B747-D7E5-4266-82A2-38B750DFF968}.Release|x86.ActiveCfg = Release|Win32
		{9387B747-D7E5-4266-82A2-38B750DFF968}.Release|x86.Build.0 = Release|Win32
		{AB32815F-C028-4856-8343-386D7B0177CB}.Debug|x64.ActiveCfg = Debug|x64
		{AB32815F-C028-4856-8343-386D7B0177CB}.Debug|x64.Build.0 = Debug|x64
		{AB32815F-C028-4856-8343-386D7B0177CB}.Debug|x86.ActiveCfg = Debug|Win32
		{AB32815F-C028-4856-8343-386D7B0177CB}.Debug|x86.Build.0 = Debug|Win32
		{AB32815F-C028-4856-8343-386D7B0177CB}.Release|x64.ActiveCfg = Release|x64
		{AB32815F-C028-4856-8343-386D7B0177CB}.Release|x64.Build.0 = Release|x64
		{AB32815F-C028-4856-8343-386D7B0177CB}.Release|x86.ActiveCfg = Release|Win32
		{AB32815F-C028-4856-8343-386D7B0177CB}.Release|x86.Build.0 = Release|Win32
		{65D73CE2-6CC7-454E-88A6-E6F571EFABCB}.Debug|x64.ActiveCfg = Debug|x64
		{65D73CE2-6CC7-454E-88A6-E6F571EFABCB}.Debug|x64.Build.0 = Debug|x64
		{65D73CE2-6CC7-454E-88A6-E6F571EFABCB}.Debug|x86.ActiveCfg = Debug|Win32
		{65D73CE2-6CC7-454E-88A6-E6F571EFABCB}.Debug|x86.Build.0 = Debug|Win32
		{65D73CE2-6CC7-454E-88A6-E6F571EFABCB}.Release|x64.ActiveCfg = Release|x64
		{65D73CE2-6CC7-454E-88A6-E6F571EFABCB}.Release|x64.Build.0 = Release|x64
		{65D73CE2-6CC7-454E-88A6-E6F571EFABCB}.Release|x86.ActiveCfg = Release|Win32
		{65D73CE2-6CC7-454E-88A6-E6F571EFABCB}.Release|x86.Build.0 = Release|Win32
		{860993AB-F737-40FC-B982-D15F50CAE714}.Debug|x64.ActiveCfg = Debug|x64
		{860993AB-F737-40FC-B982-D15F50CAE714}.Debug|x64.Build.0 = Debug|x64
		{860993AB-F737-40FC-B982-D15F50CAE714}.Debug|x86.ActiveCfg = Debug|Win32
		{860993AB-F737-40FC-B982-D15F50CAE714}.Debug|x86.Build.0 = Debug|Win32
		{860993AB-F737-40FC-B982-D15F50CAE714}.Release|x64.ActiveCfg = Release|x64
		{860993AB-F737-40FC-B982-D15F50CAE714}.Release|x64.Build.0 = Release|x64
		{860993AB-F737-40FC-B982-D15F50CAE714}.Release|x86.ActiveCfg = Release|Win32
		{860993AB-F737-40FC-B982-D15F50CAE714}.Release|x86.Build.0 = Release|Win32
		{748DA5EA-CBB8-499D-A6FA-9FCFA59CAA54}.Debug|x64.ActiveCfg = Debug|x64
		{748DA5EA-CBB8-499D-A6FA-9FCFA59CAA54}.Debug|x64.Build.0 = Debug|x64
		{748DA5EA-CBB8-499D-A6FA-9FCFA59CAA54}.Debug|x86.ActiveCfg = Debug|Win32
		{748DA5EA-CBB8-499D-A6FA-9FCFA59CAA54}.Debug|x86.Build.0 = Debug|Win32
		{748DA5EA-CBB8-499D-A6FA-9FCFA59CAA54}.Release|x64.ActiveCfg = Release|x64
		{748DA5EA-CBB8-499D-A6FA-9FCFA59CAA54}.Release|x64.Build.0 = Release|x64
		{748DA5EA-CBB8-499D-A6FA-9FCFA59CAA54}.Release|x86.ActiveCfg = Release|Win32
		{748DA5EA-CBB8-499D-A6FA-9FCFA59CAA54}.Release|x86.Build.0 = Release|Win32
		{662AF597-7F65-46A3-B056-1CD80C8AA969}.Debug|x64.ActiveCfg = Debug|x64
		{662AF597-7F65-46A3-B056-1CD80C8AA969}.Debug|x64.Build.0 = Debug|x64
		{662AF597-7F65-46A3-B056-1CD80C8AA969}.Debug|x86.ActiveCfg = Debug|Win32
		{662AF597-7F65-46A3-B056-1CD80C8AA969}.Debug|x86.Build.0 = Debug|Win32
		{662AF597-7F65-46A3-B056-1CD80C8AA969}.Release|x64.ActiveCfg = Release|x64
		{662AF597-7F65-46A3-B056-1CD80C8AA969}.Release|x64.Build.0 = Release|x64
		{662AF597-7F65-46A3-B056-1CD80C8AA969}.Release|x86.ActiveCfg = Release|Win32
		{662AF597-7F65-46A3-B056-1CD80C8AA969}.Release|x86.Build.0 = Release|Win32
		{5C54B470-D753-4224-B6F6-26B3915208F5}.Debug|x64.ActiveCfg = Debug|x64
		{5C54B470-D753-4224-B6F6-26B3915208F5}.Debug|x64.Build.0 = Debug|x64
		{5C54B470-D753-4224-B6F6-26B3915208F5}.Debug|x86.ActiveCfg = Debug|Win32
		{5C54B470-D753-4224-B6F6-26B3915208F5}.Debug|x86.Build.0 = Debug|Win32
		{5C54B470-D753-4224-B6F6-26B3915208F5}.Release|x64.ActiveCfg = Release|x64
		{5C54B470-D753-4224-B6F6-26B3915208F5}.Release|x64.Build.0 = Release|x64
		{5C54B470-D753-4224-B6F6-26B3915208F5}.Release|x86.ActiveCfg = Release|Win32
		{5C54B470-D753-4224-B6F6-26B3915208F5}.Release|x86.Build.0 = Release|Win32
		{E9FA2304-0600-4695-A4BD-341193CBA3BD}.Debug|x64.ActiveCfg = Debug|x64
		{E9FA2304-0600-4695-A4BD-341193CBA3BD}.Debug|x64.Build.0 = Debug|x64
		{E9FA2304-0600-4695-A4BD-341193CBA3BD}.Debug|x86.ActiveCfg = Debug|Win32
		{E9FA2304-0600-4695-A4BD-341193CBA3BD}.Debug|x86.Build.0 = Debug|Win32
		{E9FA2304-0600-4695-A4BD-341193CBA3BD}.Release|x64.ActiveCfg = Release|x64
		{E9FA2304-0600-4695-A4BD-341193CBA3BD}.Release|x64.Build.0 = Release|x64
		{E9FA2304-0600-4695-A4BD-341193CBA3BD}.Release|x86.ActiveCfg = Release|Win32
		{E9FA2304-0600-4695-A4BD-341193CBA3BD}.Release|x86.Build.0 = Release|Win32
		{AF45D7F4-E788-4482-98E6-351B9E340B40}.Debug|x64.ActiveCfg = Debug|x64
		{AF45D7F4-E788-4482-98E6-351B9E340B40}.Debug|x64.Build.0 = Debug|x64
		{AF45D7F4-E788-4482-98E6-351B9E340B40}.Debug|x86.ActiveCfg = Debug|Win32
		{AF45D7F4-E788-4482-98E6-351B9E340B40}.Debug|x86.Build.0 = Debug|Win32
		{AF45D7F4-E788-4482-98E6-351B9E340B40}.Release|x64.ActiveCfg = Release|x64
		{AF45D7F4-E788-4482-98E6-351B9E340B40}.Release|x64.Build.0 = Release|x64
		{AF45D7F4-E788-4482-98E6-351B9E340B40}.Release|x86.ActiveCfg = Release|Win32
		{AF45D7F4-E788-4482-98E6-351B9E340B40}.Release|x86.Build.0 = Release|Win32
		{118FDE95-E1EB-419C-9840-454CCFBD12C0}.Debug|x64.ActiveCfg = Debug|x64
		{118FDE95-E1EB-419C-9840-454CCFBD12C0}.Debug|x64.Build.0 = Debug|x64
		{118FDE95-E1EB-419C-9840-454CCFBD12C0}.Debug|x86.ActiveCfg = Debug|Win32
		{118FDE95-E1EB-419C-9840-454CCFBD12C0}.Debug|x86.Build.0 = Debug|Win32
		{118FDE95-E1EB-419C-9840-454CCFBD12C0}.Release|x64.ActiveCfg = Release|x64
		{118FDE95-E1EB-419C-9840-454CCFBD12C0}.Release|x64.Build.0 = Release|x64
		{118FDE95-E1EB-419C-9840-454CCFBD12C0}.Release|x86.ActiveCfg = Release|Win32
		{118FDE95-E1EB-419C-9840-454CCFBD12C0}.Release|x86.Build.0 = Release|Win32
		{7B20A82E-9B74-4FF1-A589-3E4DEDB90F67}.Debug|x64.ActiveCfg = Debug|x64
		{7B20A82E-9B74-4FF1-A589-3E4DEDB90F67}.Debug|x64.Build.0 = Debug|x64
		{7B20A82E-9B74-4FF1-A589-3E4DEDB90F67}.Debug|x86.ActiveCfg = Debug|Win32
		{7B20A82E-9B74-4FF1-A589-3E4DEDB90F67}.Debug|x86.Build.0 = Debug|Win32
		{7B20A82E-9B74-4FF1-A589-3E4DEDB90F67}.Release|x64.ActiveCfg = Release|x64
		{7B20A82E-9B74-4FF1-A589-3E4DEDB90F67}.Release|x64.Build.0 = Release|x64
		{7B20A82E-9B74-4FF1-A589-3E4DEDB90F67}.Release|x86.ActiveCfg = Release|Win32
		{7B20A82E-9B74-4FF1-A589-3E4DEDB90F67}.Release|x86.Build.0 = Release|Win32
		{F71B3241-10BA-4828-9956-A364024809AE}.Debug|x64.ActiveCfg = Debug|x64
		{F71B3241-10BA-4828-9956-A364024809AE}.Debug|x64.Build.0 = Debug|x64
		{F71B3241-10BA-4828-9956-A364024809AE}.Debug|x86.ActiveCfg = Debug|Win32
		{F71B3241-10BA-4828-9956-A364024809AE}.Debug|x86.Build.0 = Debug|Win32
		{F71B3241-10BA-4828-9956-A364024809AE}.Release|x64.ActiveCfg = Release|x64
		{F71B3241-10BA-4828-9956-A364024809AE}.Release|x64.Build.0 = Release|x64
		{F71B3241-10BA-4828-9956-A364024809AE}.Release|x86.ActiveCfg = Release|Win32
		{F71B3241-10BA-4828-9956-A364024809AE}.Release|x86.Build.0 = Release|Win32
		{3900752B-C466-4AF1-B959-1CD574B32687}.Debug|x64.ActiveCfg = Debug|x64
		{3900752B-C466-4AF1-B959-1CD574B32687}.Debug|x64.Build.0 = Debug|x64
		{3900752B-C466-4AF1-B959-1CD574B32687}.Debug|x86.ActiveCfg = Debug|Win32
		{3900752B-C466-4AF1-B959-1CD574B32687}.Debug|x86.Build.0 = Debug|Win32
		{3900752B-C466-4AF1-B959-1CD574B32687}.Release|x64.ActiveCfg = Release|x64
		{3900752B-C466-4AF1-B959-1CD574B32687}.Release|x64.Build.0 = Release|x64
		{3900752B-C466-4AF1-B959-1CD574B32687}.Release|x86.ActiveCfg = Release|Win32
		{3900752B-C466-4AF1-B959-1CD574B32687}.Release|x86.Build.0 = Release|Win32
		{89328F15-714A-4133-908A-2FA590CAA9ED}.Debug|x64.ActiveCfg = Debug|x64
		{89328F15-714A-4133-908A-2FA590CAA9ED}.Debug|x64.Build.0 = Debug|x64
		{89328F15-714A-4133-908A-2FA590CAA9ED}.Debug|x86.ActiveCfg = Debug|Win32
		{89328F15-714A-4133-908A-2FA590CAA9ED}.Debug|x86.Build.0 = Debug|Win32
		{89328F15-714A-4133-908A-2FA590CAA9ED}.Release|x64.ActiveCfg = Release|x64
		{89328F15-714A-4133-908A-2FA590CAA9ED}.Release|x64.Build.0 = Release|x64
		{89328F15-714A-4133-908A-2FA590CAA9ED}.Release|x86.ActiveCfg = Release|Win32
		{89328F15-714A-4133-908A-2FA590CAA9ED}.Release|x86.Build.0 = Release|Win32
		{2AAAEA7E-8E24-404E-A21C-108E5FCABB97}.Debug|x64.ActiveCfg = Debug|x64
		{2AAAEA7E-8E24-404E-A21C-108E5FCABB97}.Debug|x64.Build.0 = Debug|x64
		{2AAAEA7E-8E24-404E-A21C-108E5FCABB97}.Debug|x86.ActiveCfg = Debug|Win32
		{2AAAEA7E-8E24-404E-A21C-108E5FCABB97}.Debug|x86.Build.0 = Debug|Win32
		{2AAAEA7E-8E24-404E-A21C-108E5FCABB97}.Release|x64.ActiveCfg = Release|x64
		{2AAAEA7E-8E24-404E-A21C-108E5FCABB97}.Release|x64.Build.0 = Release|x64
		{2AAAEA7E-8E24-404E-A21C-108E5FCABB97}.Release|x86.ActiveCfg = Release|Win32
		{2AAAEA7E-8E24-404E-A21C-108E5FCABB97}.Release|x86.Build.0 = Release|Win32
		{3CA76D4E-B5B6-4B87-B238-DE58E472C58C}.Debug|x64.ActiveCfg = Debug|x64
		{3CA76D4E-B5B6-4B87-B238-DE58E472C58C}.Debug|x64.Build.0 = Debug|x64
		{3CA76D4E-B5B6-4B87-B238-DE58E472C58C}.Debug|x86.ActiveCfg = Debug|Win32
		{3CA76D4E-B5B6-4B87-B238-DE58E472C58C}.Debug|x86.Build.0 = Debug|Win32
		{3CA76D4E-B5B6-4B87-B238-DE58E472C58C}.Release|x64.ActiveCfg = Release|x64
		{3CA76D4E-B5B6-4B87-B238-DE58E472C58C}.Release|x64.Build.0 = Release|x64
		{3CA76D4E-B5B6-4B87-B238-DE58E472C58C}.Release|x86.ActiveCfg = Release|Win32
		{3CA76D4E-B5B6-4B87-B238-DE58E472C58C}.Release|x86.Build.0 = Release|Win32
		{17ABE13E-C3F2-4A80-9449-87E8E2DECDA3}.Debug|x64.ActiveCfg = Debug|x64
		{17ABE13E-C3F2-4A80-9449-87E8E2DECDA3}.Debug|x64.Build.0 = Debug|x64
		{17ABE13E-C3F2-4A80-9449-87E8E2DECDA3}.Debug|x86.ActiveCfg = Debug|Win32
		{17ABE13E-C3F2-4A80-9449-87E8E2DECDA3}.Debug|x86.Build.0 = Debug|Win32
		{17ABE13E-C3F2-4A80-9449-87E8E2DECDA3}.Release|x64.ActiveCfg = Release|x64
		{17ABE13E-C3F2-4A80-9449-87E8E2DECDA3}.Release|x64.Build.0 = Release|x64
		{17ABE13E-C3F2-4A80-9449-87E8E2DECDA3}.Release|x86.ActiveCfg = Release|Win32
		{17ABE13E-C3F2-4A80-9449-87E8E2DECDA3}.Release|x86.Build.0 = Release|Win32
	EndGlobalSection
	GlobalSection(SolutionProperties) = preSolution
		HideSolutionNode = FALSE
	EndGlobalSection
	GlobalSection(NestedProjects) = preSolution
		{AD221214-0CB0-4934-8E25-3DC4B3E0231E} = {4E22E1FE-B200-4BA4-8D49-703502D01E46}
		{0251B643-C59D-436A-884B-8F7174D0A517} = {4E22E1FE-B200-4BA4-8D49-703502D01E46}
		{9EEABE30-5695-4275-8389-3BBF9C28D048} = {4E22E1FE-B200-4BA4-8D49-703502D01E46}
		{6DFAF06B-825D-4F5D-A0D9-FFFF4386528A} = {4E22E1FE-B200-4BA4-8D49-703502D01E46}
		{9689E800-42A8-43BD-852F-FDC623ABA522} = {4E22E1FE-B200-4BA4-8D49-703502D01E46}
		{91FE06C4-1E00-4FC8-97FA-0BCD3674A64F} = {4E22E1FE-B200-4BA4-8D49-703502D01E46}
		{3602102B-942E-4926-9A98-4D9C606B60E4} = {4E22E1FE-B200-4BA4-8D49-703502D01E46}
		{796A6045-5713-41C3-A593-8F09A35CCA36} = {4E22E1FE-B200-4BA4-8D49-703502D01E46}
		{B9B8FF9C-C7A3-4B5A-8EB9-F4CEDB59F57B} = {4E22E1FE-B200-4BA4-8D49-703502D01E46}
		{A7B26217-6F8E-4CBF-8A61-3CF0BB5F2208} = {4E22E1FE-B200-4BA4-8D49-703502D01E46}
		{2C2A7D2D-2653-4126-A188-844856B19C8D} = {4E22E1FE-B200-4BA4-8D49-703502D01E46}
		{61FF13CD-4B67-44A4-9090-0F0B19451060} = {4E22E1FE-B200-4BA4-8D49-703502D01E46}
		{0C376719-2A68-440B-87DA-EE55784D8E8E} = {4E22E1FE-B200-4BA4-8D49-703502D01E46}
		{5356E4D8-57EA-4F31-926F-A4452A3E18C7} = {4E22E1FE-B200-4BA4-8D49-703502D01E46}
		{1F9D792F-2D1C-4288-8EE5-6B6DF2DC2E9A} = {4E22E1FE-B200-4BA4-8D49-703502D01E46}
		{9387B747-D7E5-4266-82A2-38B750DFF968} = {32216EA6-3FAA-49FF-B352-7E78E5C847B1}
		{AB32815F-C028-4856-8343-386D7B0177CB} = {32216EA6-3FAA-49FF-B352-7E78E5C847B1}
		{65D73CE2-6CC7-454E-88A6-E6F571EFABCB} = {32216EA6-3FAA-49FF-B352-7E78E5C847B1}
		{860993AB-F737-40FC-B982-D15F50CAE714} = {32216EA6-3FAA-49FF-B352-7E78E5C847B1}
		{748DA5EA-CBB8-499D-A6FA-9FCFA59CAA54} = {32216EA6-3FAA-49FF-B352-7E78E5C847B1}
		{662AF597-7F65-46A3-B056-1CD80C8AA969} = {32216EA6-3FAA-49FF-B352-7E78E5C847B1}
		{5C54B470-D753-4224-B6F6-26B3915208F5} = {32216EA6-3FAA-49FF-B352-7E78E5C847B1}
		{E9FA2304-0600-4695-A4BD-341193CBA3BD} = {32216EA6-3FAA-49FF-B352-7E78E5C847B1}
		{AF45D7F4-E788-4482-98E6-351B9E340B40} = {32216EA6-3FAA-49FF-B352-7E78E5C847B1}
		{118FDE95-E1EB-419C-9840-454CCFBD12C0} = {32216EA6-3FAA-49FF-B352-7E78E5C847B1}
	EndGlobalSection
	GlobalSection(ExtensibilityGlobals) = postSolution
		SolutionGuid = {B0E883A2-51DF-4764-9519-B718858AEA21}
	EndGlobalSection
EndGlobal
